
Microsoft Visual Studio Solution File, Format Version 12.00
# Visual Studio Version 17
VisualStudioVersion = 17.7.34018.315
MinimumVisualStudioVersion = 10.0.40219.1
Project("{FAE04EC0-301F-11D3-BF4B-00C04F79EFBC}") = "ConsoleApp7", "ConsoleApp7\ConsoleApp7.csproj", "{95C8DE2F-C817-4129-B3E5-0DF6885F9182}"
EndProject
Global
	GlobalSection(SolutionConfigurationPlatforms) = preSolution
		Debug|Any CPU = Debug|Any CPU
		Release|Any CPU = Release|Any CPU
	EndGlobalSection
	GlobalSection(ProjectConfigurationPlatforms) = postSolution
		{95C8DE2F-C817-4129-B3E5-0DF6885F9182}.Debug|Any CPU.ActiveCfg = Debug|Any CPU
		{95C8DE2F-C817-4129-B3E5-0DF6885F9182}.Debug|Any CPU.Build.0 = Debug|Any CPU
		{95C8DE2F-C817-4129-B3E5-0DF6885F9182}.Release|Any CPU.ActiveCfg = Release|Any CPU
		{95C8DE2F-C817-4129-B3E5-0DF6885F9182}.Release|Any CPU.Build.0 = Release|Any CPU
	EndGlobalSection
	GlobalSection(SolutionProperties) = preSolution
		HideSolutionNode = FALSE
	EndGlobalSection
	GlobalSection(ExtensibilityGlobals) = postSolution
		SolutionGuid = {D6E4CDF0-3E7F-4139-9260-A793CBCB1D19}
	EndGlobalSection
EndGlobal
